
Microsoft Visual Studio Solution File, Format Version 12.00
# Visual Studio Version 17
VisualStudioVersion = 17.4.33103.184
MinimumVisualStudioVersion = 10.0.40219.1
Project("{FAE04EC0-301F-11D3-BF4B-00C04F79EFBC}") = "Atividade01", "Atividade01\Atividade01.csproj", "{63C5C8C3-DD31-4804-9941-25658C1DB4CF}"
EndProject
Global
	GlobalSection(SolutionConfigurationPlatforms) = preSolution
		Debug|Any CPU = Debug|Any CPU
		Release|Any CPU = Release|Any CPU
	EndGlobalSection
	GlobalSection(ProjectConfigurationPlatforms) = postSolution
		{63C5C8C3-DD31-4804-9941-25658C1DB4CF}.Debug|Any CPU.ActiveCfg = Debug|Any CPU
		{63C5C8C3-DD31-4804-9941-25658C1DB4CF}.Debug|Any CPU.Build.0 = Debug|Any CPU
		{63C5C8C3-DD31-4804-9941-25658C1DB4CF}.Release|Any CPU.ActiveCfg = Release|Any CPU
		{63C5C8C3-DD31-4804-9941-25658C1DB4CF}.Release|Any CPU.Build.0 = Release|Any CPU
	EndGlobalSection
	GlobalSection(SolutionProperties) = preSolution
		HideSolutionNode = FALSE
	EndGlobalSection
	GlobalSection(ExtensibilityGlobals) = postSolution
		SolutionGuid = {18BCECC1-60DD-4BDC-9D5D-490948255C36}
	EndGlobalSection
EndGlobal
