
Microsoft Visual Studio Solution File, Format Version 12.00
# Visual Studio Version 17
VisualStudioVersion = 17.4.33103.184
MinimumVisualStudioVersion = 10.0.40219.1
Project("{2150E333-8FDC-42A3-9474-1A3956D46DE8}") = "Solution Items", "Solution Items", "{A993ED99-DE70-47BC-9CD3-29FBC17B0698}"
	ProjectSection(SolutionItems) = preProject
		.editorconfig = .editorconfig
	EndProjectSection
EndProject
Project("{9A19103F-16F7-4668-BE54-9A1E7A4F7556}") = "Q1", "Cliente\Q1.csproj", "{99A2A447-32FB-49FF-9E46-10F0A1CBF964}"
EndProject
Project("{9A19103F-16F7-4668-BE54-9A1E7A4F7556}") = "Q2Q3", "Q2Q3\Q2Q3.csproj", "{64C7BBAE-1FB2-4FB3-A0E7-A640EE6DC9C8}"
EndProject
Project("{9A19103F-16F7-4668-BE54-9A1E7A4F7556}") = "Q4", "Q4\Q4.csproj", "{314E528C-FF0B-4832-8C0A-39887F359002}"
EndProject
Project("{9A19103F-16F7-4668-BE54-9A1E7A4F7556}") = "Q5", "Q5\Q5.csproj", "{26D4F4BD-3BCA-4318-AB5F-C93EF436DD53}"
EndProject
Global
	GlobalSection(SolutionConfigurationPlatforms) = preSolution
		Debug|Any CPU = Debug|Any CPU
		Release|Any CPU = Release|Any CPU
	EndGlobalSection
	GlobalSection(ProjectConfigurationPlatforms) = postSolution
		{99A2A447-32FB-49FF-9E46-10F0A1CBF964}.Debug|Any CPU.ActiveCfg = Debug|Any CPU
		{99A2A447-32FB-49FF-9E46-10F0A1CBF964}.Debug|Any CPU.Build.0 = Debug|Any CPU
		{99A2A447-32FB-49FF-9E46-10F0A1CBF964}.Release|Any CPU.ActiveCfg = Release|Any CPU
		{99A2A447-32FB-49FF-9E46-10F0A1CBF964}.Release|Any CPU.Build.0 = Release|Any CPU
		{64C7BBAE-1FB2-4FB3-A0E7-A640EE6DC9C8}.Debug|Any CPU.ActiveCfg = Debug|Any CPU
		{64C7BBAE-1FB2-4FB3-A0E7-A640EE6DC9C8}.Debug|Any CPU.Build.0 = Debug|Any CPU
		{64C7BBAE-1FB2-4FB3-A0E7-A640EE6DC9C8}.Release|Any CPU.ActiveCfg = Release|Any CPU
		{64C7BBAE-1FB2-4FB3-A0E7-A640EE6DC9C8}.Release|Any CPU.Build.0 = Release|Any CPU
		{314E528C-FF0B-4832-8C0A-39887F359002}.Debug|Any CPU.ActiveCfg = Debug|Any CPU
		{314E528C-FF0B-4832-8C0A-39887F359002}.Debug|Any CPU.Build.0 = Debug|Any CPU
		{314E528C-FF0B-4832-8C0A-39887F359002}.Release|Any CPU.ActiveCfg = Release|Any CPU
		{314E528C-FF0B-4832-8C0A-39887F359002}.Release|Any CPU.Build.0 = Release|Any CPU
		{26D4F4BD-3BCA-4318-AB5F-C93EF436DD53}.Debug|Any CPU.ActiveCfg = Debug|Any CPU
		{26D4F4BD-3BCA-4318-AB5F-C93EF436DD53}.Debug|Any CPU.Build.0 = Debug|Any CPU
		{26D4F4BD-3BCA-4318-AB5F-C93EF436DD53}.Release|Any CPU.ActiveCfg = Release|Any CPU
		{26D4F4BD-3BCA-4318-AB5F-C93EF436DD53}.Release|Any CPU.Build.0 = Release|Any CPU
	EndGlobalSection
	GlobalSection(SolutionProperties) = preSolution
		HideSolutionNode = FALSE
	EndGlobalSection
	GlobalSection(ExtensibilityGlobals) = postSolution
		SolutionGuid = {02E53BF1-6FF2-43D5-A39E-5F3957E6EF91}
	EndGlobalSection
EndGlobal
