
Microsoft Visual Studio Solution File, Format Version 12.00
# Visual Studio Version 17
VisualStudioVersion = 17.4.33103.184
MinimumVisualStudioVersion = 10.0.40219.1
Project("{2150E333-8FDC-42A3-9474-1A3956D46DE8}") = "Unidade 1", "Unidade 1", "{743C0CC6-5A01-4B71-BE93-E97B6DBEC1DE}"
EndProject
Project("{2150E333-8FDC-42A3-9474-1A3956D46DE8}") = "Atividades", "Atividades", "{6CFDAC01-FAFF-49A2-BF2D-FE76E579CC43}"
EndProject
Project("{2150E333-8FDC-42A3-9474-1A3956D46DE8}") = "Parte 1", "Parte 1", "{14F6E4CA-DF38-437F-8B94-47660B817E2C}"
EndProject
Project("{9A19103F-16F7-4668-BE54-9A1E7A4F7556}") = "Cliente", "Cliente\Cliente.csproj", "{203F998E-B6CF-4700-88DE-9ADB6D141507}"
EndProject
Project("{9A19103F-16F7-4668-BE54-9A1E7A4F7556}") = "Piramide", "Piramide\Piramide.csproj", "{CBA4D6EC-C348-4AEB-9B3D-D985AF120CC7}"
EndProject
Project("{9A19103F-16F7-4668-BE54-9A1E7A4F7556}") = "Poligono", "Poligono\Poligono.csproj", "{14DA3B44-705A-4161-B84C-E0471A458776}"
EndProject
Project("{9A19103F-16F7-4668-BE54-9A1E7A4F7556}") = "Triangulo", "Triangulo\Triangulo.csproj", "{AD138181-47CA-4EFC-B6CA-C3C2CB0B173C}"
EndProject
Project("{9A19103F-16F7-4668-BE54-9A1E7A4F7556}") = "Vertice", "Vertice\Vertice.csproj", "{D5052D59-C943-4C64-A62D-A9845828FB5D}"
EndProject
Project("{9A19103F-16F7-4668-BE54-9A1E7A4F7556}") = "Intervalo", "Intervalo\Intervalo.csproj", "{257005B6-30BD-46F2-BF75-CC8EABE4C282}"
EndProject
Project("{9A19103F-16F7-4668-BE54-9A1E7A4F7556}") = "ListaInvertavalo", "ListaInvertavalo\ListaInvertavalo.csproj", "{DAD040AA-7C65-456B-AC56-496410A1A9DC}"
EndProject
Project("{2150E333-8FDC-42A3-9474-1A3956D46DE8}") = "Parte 2", "Parte 2", "{84D18933-1737-4601-AE4A-93974CCB3EE0}"
EndProject
Project("{9A19103F-16F7-4668-BE54-9A1E7A4F7556}") = "Empresa", "Cadastro\Empresa.csproj", "{12D2A048-CABA-45F9-A048-0902FF68B9C6}"
EndProject
Project("{9A19103F-16F7-4668-BE54-9A1E7A4F7556}") = "Escola", "Escola\Escola.csproj", "{849082EE-F9A0-4C24-AEAD-75B24BEB2484}"
EndProject
Project("{9A19103F-16F7-4668-BE54-9A1E7A4F7556}") = "PessoaCertidao", "PessoaCertidao\PessoaCertidao.csproj", "{04FE43D4-9606-4072-8B7F-BD5D713CF199}"
EndProject
Project("{9A19103F-16F7-4668-BE54-9A1E7A4F7556}") = "CarroMotor", "CarroMotor\CarroMotor.csproj", "{F6A0B24F-7964-4300-8725-698C4CA51460}"
EndProject
Project("{2150E333-8FDC-42A3-9474-1A3956D46DE8}") = "Parte 3", "Parte 3", "{C4864193-1C39-489F-9A4A-827B633097B7}"
EndProject
Project("{2150E333-8FDC-42A3-9474-1A3956D46DE8}") = "Unidade 2", "Unidade 2", "{C44832C7-BB96-4D2B-AD7A-6D81ADDF17D1}"
EndProject
Project("{2150E333-8FDC-42A3-9474-1A3956D46DE8}") = "Desafios", "Desafios", "{ECE1CD2D-500D-4AE2-937F-36733AAC2884}"
EndProject
Project("{9A19103F-16F7-4668-BE54-9A1E7A4F7556}") = "ClientesJson", "ClientesJson\ClientesJson.csproj", "{486127CD-936E-4C34-BF0A-5103D8B4B7F3}"
EndProject
Project("{9A19103F-16F7-4668-BE54-9A1E7A4F7556}") = "IndiceRemissivo", "IndiceRemissivo\IndiceRemissivo.csproj", "{FB309945-9A1B-4F21-B9E3-285234FFE2A2}"
EndProject
Project("{9A19103F-16F7-4668-BE54-9A1E7A4F7556}") = "ArmstrongNumbers", "ArmstrongNumbers\ArmstrongNumbers.csproj", "{F1D5F054-B931-4B18-A53C-5915FC3687FC}"
EndProject
Project("{9A19103F-16F7-4668-BE54-9A1E7A4F7556}") = "ExtensionGenericList", "ExtensionGenericList\ExtensionGenericList.csproj", "{05178008-EEF4-4671-9481-8F3938B6DBB1}"
EndProject
Project("{9A19103F-16F7-4668-BE54-9A1E7A4F7556}") = "Consultorio", "Desafio1\Consultorio.csproj", "{63AD6139-8D2E-4C08-9F5F-96E396BBAE56}"
EndProject
Project("{9A19103F-16F7-4668-BE54-9A1E7A4F7556}") = "ConsultorioDB", "Desafio1.2 (3)\ConsultorioDB.csproj", "{C6DB483C-8024-4C37-820E-DAC1A441A864}"
EndProject
Global
	GlobalSection(SolutionConfigurationPlatforms) = preSolution
		Debug|Any CPU = Debug|Any CPU
		Release|Any CPU = Release|Any CPU
	EndGlobalSection
	GlobalSection(ProjectConfigurationPlatforms) = postSolution
		{203F998E-B6CF-4700-88DE-9ADB6D141507}.Debug|Any CPU.ActiveCfg = Debug|Any CPU
		{203F998E-B6CF-4700-88DE-9ADB6D141507}.Debug|Any CPU.Build.0 = Debug|Any CPU
		{203F998E-B6CF-4700-88DE-9ADB6D141507}.Release|Any CPU.ActiveCfg = Release|Any CPU
		{203F998E-B6CF-4700-88DE-9ADB6D141507}.Release|Any CPU.Build.0 = Release|Any CPU
		{CBA4D6EC-C348-4AEB-9B3D-D985AF120CC7}.Debug|Any CPU.ActiveCfg = Debug|Any CPU
		{CBA4D6EC-C348-4AEB-9B3D-D985AF120CC7}.Debug|Any CPU.Build.0 = Debug|Any CPU
		{CBA4D6EC-C348-4AEB-9B3D-D985AF120CC7}.Release|Any CPU.ActiveCfg = Release|Any CPU
		{CBA4D6EC-C348-4AEB-9B3D-D985AF120CC7}.Release|Any CPU.Build.0 = Release|Any CPU
		{14DA3B44-705A-4161-B84C-E0471A458776}.Debug|Any CPU.ActiveCfg = Debug|Any CPU
		{14DA3B44-705A-4161-B84C-E0471A458776}.Debug|Any CPU.Build.0 = Debug|Any CPU
		{14DA3B44-705A-4161-B84C-E0471A458776}.Release|Any CPU.ActiveCfg = Release|Any CPU
		{14DA3B44-705A-4161-B84C-E0471A458776}.Release|Any CPU.Build.0 = Release|Any CPU
		{AD138181-47CA-4EFC-B6CA-C3C2CB0B173C}.Debug|Any CPU.ActiveCfg = Debug|Any CPU
		{AD138181-47CA-4EFC-B6CA-C3C2CB0B173C}.Debug|Any CPU.Build.0 = Debug|Any CPU
		{AD138181-47CA-4EFC-B6CA-C3C2CB0B173C}.Release|Any CPU.ActiveCfg = Release|Any CPU
		{AD138181-47CA-4EFC-B6CA-C3C2CB0B173C}.Release|Any CPU.Build.0 = Release|Any CPU
		{D5052D59-C943-4C64-A62D-A9845828FB5D}.Debug|Any CPU.ActiveCfg = Debug|Any CPU
		{D5052D59-C943-4C64-A62D-A9845828FB5D}.Debug|Any CPU.Build.0 = Debug|Any CPU
		{D5052D59-C943-4C64-A62D-A9845828FB5D}.Release|Any CPU.ActiveCfg = Release|Any CPU
		{D5052D59-C943-4C64-A62D-A9845828FB5D}.Release|Any CPU.Build.0 = Release|Any CPU
		{257005B6-30BD-46F2-BF75-CC8EABE4C282}.Debug|Any CPU.ActiveCfg = Debug|Any CPU
		{257005B6-30BD-46F2-BF75-CC8EABE4C282}.Debug|Any CPU.Build.0 = Debug|Any CPU
		{257005B6-30BD-46F2-BF75-CC8EABE4C282}.Release|Any CPU.ActiveCfg = Release|Any CPU
		{257005B6-30BD-46F2-BF75-CC8EABE4C282}.Release|Any CPU.Build.0 = Release|Any CPU
		{DAD040AA-7C65-456B-AC56-496410A1A9DC}.Debug|Any CPU.ActiveCfg = Debug|Any CPU
		{DAD040AA-7C65-456B-AC56-496410A1A9DC}.Debug|Any CPU.Build.0 = Debug|Any CPU
		{DAD040AA-7C65-456B-AC56-496410A1A9DC}.Release|Any CPU.ActiveCfg = Release|Any CPU
		{DAD040AA-7C65-456B-AC56-496410A1A9DC}.Release|Any CPU.Build.0 = Release|Any CPU
		{12D2A048-CABA-45F9-A048-0902FF68B9C6}.Debug|Any CPU.ActiveCfg = Debug|Any CPU
		{12D2A048-CABA-45F9-A048-0902FF68B9C6}.Debug|Any CPU.Build.0 = Debug|Any CPU
		{12D2A048-CABA-45F9-A048-0902FF68B9C6}.Release|Any CPU.ActiveCfg = Release|Any CPU
		{12D2A048-CABA-45F9-A048-0902FF68B9C6}.Release|Any CPU.Build.0 = Release|Any CPU
		{849082EE-F9A0-4C24-AEAD-75B24BEB2484}.Debug|Any CPU.ActiveCfg = Debug|Any CPU
		{849082EE-F9A0-4C24-AEAD-75B24BEB2484}.Debug|Any CPU.Build.0 = Debug|Any CPU
		{849082EE-F9A0-4C24-AEAD-75B24BEB2484}.Release|Any CPU.ActiveCfg = Release|Any CPU
		{849082EE-F9A0-4C24-AEAD-75B24BEB2484}.Release|Any CPU.Build.0 = Release|Any CPU
		{04FE43D4-9606-4072-8B7F-BD5D713CF199}.Debug|Any CPU.ActiveCfg = Debug|Any CPU
		{04FE43D4-9606-4072-8B7F-BD5D713CF199}.Debug|Any CPU.Build.0 = Debug|Any CPU
		{04FE43D4-9606-4072-8B7F-BD5D713CF199}.Release|Any CPU.ActiveCfg = Release|Any CPU
		{04FE43D4-9606-4072-8B7F-BD5D713CF199}.Release|Any CPU.Build.0 = Release|Any CPU
		{F6A0B24F-7964-4300-8725-698C4CA51460}.Debug|Any CPU.ActiveCfg = Debug|Any CPU
		{F6A0B24F-7964-4300-8725-698C4CA51460}.Debug|Any CPU.Build.0 = Debug|Any CPU
		{F6A0B24F-7964-4300-8725-698C4CA51460}.Release|Any CPU.ActiveCfg = Release|Any CPU
		{F6A0B24F-7964-4300-8725-698C4CA51460}.Release|Any CPU.Build.0 = Release|Any CPU
		{486127CD-936E-4C34-BF0A-5103D8B4B7F3}.Debug|Any CPU.ActiveCfg = Debug|Any CPU
		{486127CD-936E-4C34-BF0A-5103D8B4B7F3}.Debug|Any CPU.Build.0 = Debug|Any CPU
		{486127CD-936E-4C34-BF0A-5103D8B4B7F3}.Release|Any CPU.ActiveCfg = Release|Any CPU
		{486127CD-936E-4C34-BF0A-5103D8B4B7F3}.Release|Any CPU.Build.0 = Release|Any CPU
		{FB309945-9A1B-4F21-B9E3-285234FFE2A2}.Debug|Any CPU.ActiveCfg = Debug|Any CPU
		{FB309945-9A1B-4F21-B9E3-285234FFE2A2}.Debug|Any CPU.Build.0 = Debug|Any CPU
		{FB309945-9A1B-4F21-B9E3-285234FFE2A2}.Release|Any CPU.ActiveCfg = Release|Any CPU
		{FB309945-9A1B-4F21-B9E3-285234FFE2A2}.Release|Any CPU.Build.0 = Release|Any CPU
		{F1D5F054-B931-4B18-A53C-5915FC3687FC}.Debug|Any CPU.ActiveCfg = Debug|Any CPU
		{F1D5F054-B931-4B18-A53C-5915FC3687FC}.Debug|Any CPU.Build.0 = Debug|Any CPU
		{F1D5F054-B931-4B18-A53C-5915FC3687FC}.Release|Any CPU.ActiveCfg = Release|Any CPU
		{F1D5F054-B931-4B18-A53C-5915FC3687FC}.Release|Any CPU.Build.0 = Release|Any CPU
		{05178008-EEF4-4671-9481-8F3938B6DBB1}.Debug|Any CPU.ActiveCfg = Debug|Any CPU
		{05178008-EEF4-4671-9481-8F3938B6DBB1}.Debug|Any CPU.Build.0 = Debug|Any CPU
		{05178008-EEF4-4671-9481-8F3938B6DBB1}.Release|Any CPU.ActiveCfg = Release|Any CPU
		{05178008-EEF4-4671-9481-8F3938B6DBB1}.Release|Any CPU.Build.0 = Release|Any CPU
		{63AD6139-8D2E-4C08-9F5F-96E396BBAE56}.Debug|Any CPU.ActiveCfg = Debug|Any CPU
		{63AD6139-8D2E-4C08-9F5F-96E396BBAE56}.Debug|Any CPU.Build.0 = Debug|Any CPU
		{63AD6139-8D2E-4C08-9F5F-96E396BBAE56}.Release|Any CPU.ActiveCfg = Release|Any CPU
		{63AD6139-8D2E-4C08-9F5F-96E396BBAE56}.Release|Any CPU.Build.0 = Release|Any CPU
		{C6DB483C-8024-4C37-820E-DAC1A441A864}.Debug|Any CPU.ActiveCfg = Debug|Any CPU
		{C6DB483C-8024-4C37-820E-DAC1A441A864}.Debug|Any CPU.Build.0 = Debug|Any CPU
		{C6DB483C-8024-4C37-820E-DAC1A441A864}.Release|Any CPU.ActiveCfg = Release|Any CPU
		{C6DB483C-8024-4C37-820E-DAC1A441A864}.Release|Any CPU.Build.0 = Release|Any CPU
	EndGlobalSection
	GlobalSection(SolutionProperties) = preSolution
		HideSolutionNode = FALSE
	EndGlobalSection
	GlobalSection(NestedProjects) = preSolution
		{6CFDAC01-FAFF-49A2-BF2D-FE76E579CC43} = {743C0CC6-5A01-4B71-BE93-E97B6DBEC1DE}
		{14F6E4CA-DF38-437F-8B94-47660B817E2C} = {6CFDAC01-FAFF-49A2-BF2D-FE76E579CC43}
		{203F998E-B6CF-4700-88DE-9ADB6D141507} = {14F6E4CA-DF38-437F-8B94-47660B817E2C}
		{CBA4D6EC-C348-4AEB-9B3D-D985AF120CC7} = {14F6E4CA-DF38-437F-8B94-47660B817E2C}
		{14DA3B44-705A-4161-B84C-E0471A458776} = {14F6E4CA-DF38-437F-8B94-47660B817E2C}
		{AD138181-47CA-4EFC-B6CA-C3C2CB0B173C} = {14F6E4CA-DF38-437F-8B94-47660B817E2C}
		{D5052D59-C943-4C64-A62D-A9845828FB5D} = {14F6E4CA-DF38-437F-8B94-47660B817E2C}
		{257005B6-30BD-46F2-BF75-CC8EABE4C282} = {14F6E4CA-DF38-437F-8B94-47660B817E2C}
		{DAD040AA-7C65-456B-AC56-496410A1A9DC} = {14F6E4CA-DF38-437F-8B94-47660B817E2C}
		{84D18933-1737-4601-AE4A-93974CCB3EE0} = {6CFDAC01-FAFF-49A2-BF2D-FE76E579CC43}
		{12D2A048-CABA-45F9-A048-0902FF68B9C6} = {84D18933-1737-4601-AE4A-93974CCB3EE0}
		{849082EE-F9A0-4C24-AEAD-75B24BEB2484} = {84D18933-1737-4601-AE4A-93974CCB3EE0}
		{04FE43D4-9606-4072-8B7F-BD5D713CF199} = {84D18933-1737-4601-AE4A-93974CCB3EE0}
		{F6A0B24F-7964-4300-8725-698C4CA51460} = {84D18933-1737-4601-AE4A-93974CCB3EE0}
		{C4864193-1C39-489F-9A4A-827B633097B7} = {6CFDAC01-FAFF-49A2-BF2D-FE76E579CC43}
		{ECE1CD2D-500D-4AE2-937F-36733AAC2884} = {C44832C7-BB96-4D2B-AD7A-6D81ADDF17D1}
		{486127CD-936E-4C34-BF0A-5103D8B4B7F3} = {C4864193-1C39-489F-9A4A-827B633097B7}
		{FB309945-9A1B-4F21-B9E3-285234FFE2A2} = {C4864193-1C39-489F-9A4A-827B633097B7}
		{F1D5F054-B931-4B18-A53C-5915FC3687FC} = {C4864193-1C39-489F-9A4A-827B633097B7}
		{05178008-EEF4-4671-9481-8F3938B6DBB1} = {C4864193-1C39-489F-9A4A-827B633097B7}
		{63AD6139-8D2E-4C08-9F5F-96E396BBAE56} = {ECE1CD2D-500D-4AE2-937F-36733AAC2884}
		{C6DB483C-8024-4C37-820E-DAC1A441A864} = {ECE1CD2D-500D-4AE2-937F-36733AAC2884}
	EndGlobalSection
	GlobalSection(ExtensibilityGlobals) = postSolution
		SolutionGuid = {28E59F6B-172C-4236-8E76-F2BEEE3ADA6D}
	EndGlobalSection
EndGlobal
